
Microsoft Visual Studio Solution File, Format Version 12.00
# Visual Studio Version 16
VisualStudioVersion = 16.0.31205.134
MinimumVisualStudioVersion = 10.0.40219.1
Project("{FAE04EC0-301F-11D3-BF4B-00C04F79EFBC}") = "WpfProgressBar", "WpfProgressBar\WpfProgressBar.csproj", "{48BEC25C-B6BB-4BF2-8820-8E73D8A49419}"
EndProject
Global
	GlobalSection(SolutionConfigurationPlatforms) = preSolution
		Debug|Any CPU = Debug|Any CPU
		Release|Any CPU = Release|Any CPU
	EndGlobalSection
	GlobalSection(ProjectConfigurationPlatforms) = postSolution
		{48BEC25C-B6BB-4BF2-8820-8E73D8A49419}.Debug|Any CPU.ActiveCfg = Debug|Any CPU
		{48BEC25C-B6BB-4BF2-8820-8E73D8A49419}.Debug|Any CPU.Build.0 = Debug|Any CPU
		{48BEC25C-B6BB-4BF2-8820-8E73D8A49419}.Release|Any CPU.ActiveCfg = Release|Any CPU
		{48BEC25C-B6BB-4BF2-8820-8E73D8A49419}.Release|Any CPU.Build.0 = Release|Any CPU
	EndGlobalSection
	GlobalSection(SolutionProperties) = preSolution
		HideSolutionNode = FALSE
	EndGlobalSection
	GlobalSection(ExtensibilityGlobals) = postSolution
		SolutionGuid = {E39E3F68-242B-4188-ADD1-0751B88CE3A1}
	EndGlobalSection
EndGlobal
